
Microsoft Visual Studio Solution File, Format Version 12.00
# Visual Studio Version 16
VisualStudioVersion = 16.0.30907.101
MinimumVisualStudioVersion = 10.0.40219.1
Project("{FAE04EC0-301F-11D3-BF4B-00C04F79EFBC}") = "WSR_Learning", "WSR_Learning\WSR_Learning.csproj", "{1EF64465-1DEA-40BC-8CC0-A3B0935D7F02}"
EndProject
Global
	GlobalSection(SolutionConfigurationPlatforms) = preSolution
		Debug|Any CPU = Debug|Any CPU
		Release|Any CPU = Release|Any CPU
	EndGlobalSection
	GlobalSection(ProjectConfigurationPlatforms) = postSolution
		{1EF64465-1DEA-40BC-8CC0-A3B0935D7F02}.Debug|Any CPU.ActiveCfg = Debug|Any CPU
		{1EF64465-1DEA-40BC-8CC0-A3B0935D7F02}.Debug|Any CPU.Build.0 = Debug|Any CPU
		{1EF64465-1DEA-40BC-8CC0-A3B0935D7F02}.Release|Any CPU.ActiveCfg = Release|Any CPU
		{1EF64465-1DEA-40BC-8CC0-A3B0935D7F02}.Release|Any CPU.Build.0 = Release|Any CPU
	EndGlobalSection
	GlobalSection(SolutionProperties) = preSolution
		HideSolutionNode = FALSE
	EndGlobalSection
	GlobalSection(ExtensibilityGlobals) = postSolution
		SolutionGuid = {98911AF3-B876-43AD-AEE3-891788E3FBAD}
	EndGlobalSection
EndGlobal
